
Microsoft Visual Studio Solution File, Format Version 12.00
# Visual Studio Version 17
VisualStudioVersion = 17.9.34728.123
MinimumVisualStudioVersion = 10.0.40219.1
Project("{8BC9CEB8-8B4A-11D0-8D11-00A0C91BC942}") = "Circular Queue", "Circular Queue\Circular Queue.vcxproj", "{94CC8723-A12E-43E6-9EC5-C5E43A71FF16}"
EndProject
Global
	GlobalSection(SolutionConfigurationPlatforms) = preSolution
		Debug|x64 = Debug|x64
		Debug|x86 = Debug|x86
		Release|x64 = Release|x64
		Release|x86 = Release|x86
	EndGlobalSection
	GlobalSection(ProjectConfigurationPlatforms) = postSolution
		{94CC8723-A12E-43E6-9EC5-C5E43A71FF16}.Debug|x64.ActiveCfg = Debug|x64
		{94CC8723-A12E-43E6-9EC5-C5E43A71FF16}.Debug|x64.Build.0 = Debug|x64
		{94CC8723-A12E-43E6-9EC5-C5E43A71FF16}.Debug|x86.ActiveCfg = Debug|Win32
		{94CC8723-A12E-43E6-9EC5-C5E43A71FF16}.Debug|x86.Build.0 = Debug|Win32
		{94CC8723-A12E-43E6-9EC5-C5E43A71FF16}.Release|x64.ActiveCfg = Release|x64
		{94CC8723-A12E-43E6-9EC5-C5E43A71FF16}.Release|x64.Build.0 = Release|x64
		{94CC8723-A12E-43E6-9EC5-C5E43A71FF16}.Release|x86.ActiveCfg = Release|Win32
		{94CC8723-A12E-43E6-9EC5-C5E43A71FF16}.Release|x86.Build.0 = Release|Win32
	EndGlobalSection
	GlobalSection(SolutionProperties) = preSolution
		HideSolutionNode = FALSE
	EndGlobalSection
	GlobalSection(ExtensibilityGlobals) = postSolution
		SolutionGuid = {32CF3623-10F9-4107-939E-0F48ABDC79B4}
	EndGlobalSection
EndGlobal
